
Microsoft Visual Studio Solution File, Format Version 12.00
# Visual Studio Version 17
VisualStudioVersion = 17.6.35230.93
MinimumVisualStudioVersion = 10.0.40219.1
Project("{8BC9CEB8-8B4A-11D0-8D11-00A0C91BC942}") = "Aufgabe1", "Project1\Project1.vcxproj", "{573FCBBB-BD70-4909-B581-D8DDD8921C69}"
EndProject
Project("{8BC9CEB8-8B4A-11D0-8D11-00A0C91BC942}") = "Aufgabe2", "Aufgabe2\Aufgabe2.vcxproj", "{F416C475-BD59-47EE-B198-DD2EE5AD3C48}"
EndProject
Project("{8BC9CEB8-8B4A-11D0-8D11-00A0C91BC942}") = "Aufgabe3", "Aufgabe3\Aufgabe3.vcxproj", "{5E525319-8CC8-4357-B663-E3D56CCBFF9C}"
EndProject
Project("{8BC9CEB8-8B4A-11D0-8D11-00A0C91BC942}") = "Aufgabe4", "Aufgabe4\Aufgabe4.vcxproj", "{1EB625A0-C4EC-45C6-BD56-862D8EE9649E}"
EndProject
Project("{8BC9CEB8-8B4A-11D0-8D11-00A0C91BC942}") = "Aufgabe5", "Aufgabe5\Aufgabe5.vcxproj", "{1238FBF1-759C-44B0-AC1F-F492BF2F0D12}"
EndProject
Project("{8BC9CEB8-8B4A-11D0-8D11-00A0C91BC942}") = "Aufgabe6", "Aufgabe6\Aufgabe6.vcxproj", "{2211711E-EE8B-4BCB-957A-8532237AEA40}"
EndProject
Project("{8BC9CEB8-8B4A-11D0-8D11-00A0C91BC942}") = "Aufgabe7", "Aufgabe7\Aufgabe7.vcxproj", "{B7E81E27-74FF-4738-BDAD-A13BCFEA3405}"
EndProject
Project("{8BC9CEB8-8B4A-11D0-8D11-00A0C91BC942}") = "Aufgabe8", "Aufgabe8\Aufgabe8.vcxproj", "{6B9365D9-45EE-4809-A5E0-08E90AE9198B}"
EndProject
Project("{8BC9CEB8-8B4A-11D0-8D11-00A0C91BC942}") = "Aufgabe9", "Aufgabe9\Aufgabe9.vcxproj", "{B302AE60-94C3-4513-9C26-EFA59ACCA3F2}"
EndProject
Project("{8BC9CEB8-8B4A-11D0-8D11-00A0C91BC942}") = "Aufgabe10", "Aufgabe10\Aufgabe10.vcxproj", "{40269DF3-BBC2-459B-B32C-D17E2594CE4B}"
EndProject
Project("{888888A0-9F3D-457C-B088-3A5042F75D52}") = "Bibliothekerstellen", "Bibliothekerstellen\Bibliothekerstellen.pyproj", "{1256C406-5FB1-4D4C-8CAF-13A0227E64FC}"
EndProject
Project("{8BC9CEB8-8B4A-11D0-8D11-00A0C91BC942}") = "Enigma", "Enigma\Enigma.vcxproj", "{C9946001-246F-469A-AAF6-9EF36B7AEAD8}"
EndProject
Global
	GlobalSection(SolutionConfigurationPlatforms) = preSolution
		Debug|Any CPU = Debug|Any CPU
		Debug|x64 = Debug|x64
		Debug|x86 = Debug|x86
		Release|Any CPU = Release|Any CPU
		Release|x64 = Release|x64
		Release|x86 = Release|x86
	EndGlobalSection
	GlobalSection(ProjectConfigurationPlatforms) = postSolution
		{573FCBBB-BD70-4909-B581-D8DDD8921C69}.Debug|Any CPU.ActiveCfg = Debug|x64
		{573FCBBB-BD70-4909-B581-D8DDD8921C69}.Debug|Any CPU.Build.0 = Debug|x64
		{573FCBBB-BD70-4909-B581-D8DDD8921C69}.Debug|x64.ActiveCfg = Debug|x64
		{573FCBBB-BD70-4909-B581-D8DDD8921C69}.Debug|x64.Build.0 = Debug|x64
		{573FCBBB-BD70-4909-B581-D8DDD8921C69}.Debug|x86.ActiveCfg = Debug|Win32
		{573FCBBB-BD70-4909-B581-D8DDD8921C69}.Debug|x86.Build.0 = Debug|Win32
		{573FCBBB-BD70-4909-B581-D8DDD8921C69}.Release|Any CPU.ActiveCfg = Release|x64
		{573FCBBB-BD70-4909-B581-D8DDD8921C69}.Release|Any CPU.Build.0 = Release|x64
		{573FCBBB-BD70-4909-B581-D8DDD8921C69}.Release|x64.ActiveCfg = Release|x64
		{573FCBBB-BD70-4909-B581-D8DDD8921C69}.Release|x64.Build.0 = Release|x64
		{573FCBBB-BD70-4909-B581-D8DDD8921C69}.Release|x86.ActiveCfg = Release|Win32
		{573FCBBB-BD70-4909-B581-D8DDD8921C69}.Release|x86.Build.0 = Release|Win32
		{F416C475-BD59-47EE-B198-DD2EE5AD3C48}.Debug|Any CPU.ActiveCfg = Debug|x64
		{F416C475-BD59-47EE-B198-DD2EE5AD3C48}.Debug|Any CPU.Build.0 = Debug|x64
		{F416C475-BD59-47EE-B198-DD2EE5AD3C48}.Debug|x64.ActiveCfg = Debug|x64
		{F416C475-BD59-47EE-B198-DD2EE5AD3C48}.Debug|x64.Build.0 = Debug|x64
		{F416C475-BD59-47EE-B198-DD2EE5AD3C48}.Debug|x86.ActiveCfg = Debug|Win32
		{F416C475-BD59-47EE-B198-DD2EE5AD3C48}.Debug|x86.Build.0 = Debug|Win32
		{F416C475-BD59-47EE-B198-DD2EE5AD3C48}.Release|Any CPU.ActiveCfg = Release|x64
		{F416C475-BD59-47EE-B198-DD2EE5AD3C48}.Release|Any CPU.Build.0 = Release|x64
		{F416C475-BD59-47EE-B198-DD2EE5AD3C48}.Release|x64.ActiveCfg = Release|x64
		{F416C475-BD59-47EE-B198-DD2EE5AD3C48}.Release|x64.Build.0 = Release|x64
		{F416C475-BD59-47EE-B198-DD2EE5AD3C48}.Release|x86.ActiveCfg = Release|Win32
		{F416C475-BD59-47EE-B198-DD2EE5AD3C48}.Release|x86.Build.0 = Release|Win32
		{5E525319-8CC8-4357-B663-E3D56CCBFF9C}.Debug|Any CPU.ActiveCfg = Debug|x64
		{5E525319-8CC8-4357-B663-E3D56CCBFF9C}.Debug|Any CPU.Build.0 = Debug|x64
		{5E525319-8CC8-4357-B663-E3D56CCBFF9C}.Debug|x64.ActiveCfg = Debug|x64
		{5E525319-8CC8-4357-B663-E3D56CCBFF9C}.Debug|x64.Build.0 = Debug|x64
		{5E525319-8CC8-4357-B663-E3D56CCBFF9C}.Debug|x86.ActiveCfg = Debug|Win32
		{5E525319-8CC8-4357-B663-E3D56CCBFF9C}.Debug|x86.Build.0 = Debug|Win32
		{5E525319-8CC8-4357-B663-E3D56CCBFF9C}.Release|Any CPU.ActiveCfg = Release|x64
		{5E525319-8CC8-4357-B663-E3D56CCBFF9C}.Release|Any CPU.Build.0 = Release|x64
		{5E525319-8CC8-4357-B663-E3D56CCBFF9C}.Release|x64.ActiveCfg = Release|x64
		{5E525319-8CC8-4357-B663-E3D56CCBFF9C}.Release|x64.Build.0 = Release|x64
		{5E525319-8CC8-4357-B663-E3D56CCBFF9C}.Release|x86.ActiveCfg = Release|Win32
		{5E525319-8CC8-4357-B663-E3D56CCBFF9C}.Release|x86.Build.0 = Release|Win32
		{1EB625A0-C4EC-45C6-BD56-862D8EE9649E}.Debug|Any CPU.ActiveCfg = Debug|x64
		{1EB625A0-C4EC-45C6-BD56-862D8EE9649E}.Debug|Any CPU.Build.0 = Debug|x64
		{1EB625A0-C4EC-45C6-BD56-862D8EE9649E}.Debug|x64.ActiveCfg = Debug|x64
		{1EB625A0-C4EC-45C6-BD56-862D8EE9649E}.Debug|x64.Build.0 = Debug|x64
		{1EB625A0-C4EC-45C6-BD56-862D8EE9649E}.Debug|x86.ActiveCfg = Debug|Win32
		{1EB625A0-C4EC-45C6-BD56-862D8EE9649E}.Debug|x86.Build.0 = Debug|Win32
		{1EB625A0-C4EC-45C6-BD56-862D8EE9649E}.Release|Any CPU.ActiveCfg = Release|x64
		{1EB625A0-C4EC-45C6-BD56-862D8EE9649E}.Release|Any CPU.Build.0 = Release|x64
		{1EB625A0-C4EC-45C6-BD56-862D8EE9649E}.Release|x64.ActiveCfg = Release|x64
		{1EB625A0-C4EC-45C6-BD56-862D8EE9649E}.Release|x64.Build.0 = Release|x64
		{1EB625A0-C4EC-45C6-BD56-862D8EE9649E}.Release|x86.ActiveCfg = Release|Win32
		{1EB625A0-C4EC-45C6-BD56-862D8EE9649E}.Release|x86.Build.0 = Release|Win32
		{1238FBF1-759C-44B0-AC1F-F492BF2F0D12}.Debug|Any CPU.ActiveCfg = Debug|x64
		{1238FBF1-759C-44B0-AC1F-F492BF2F0D12}.Debug|Any CPU.Build.0 = Debug|x64
		{1238FBF1-759C-44B0-AC1F-F492BF2F0D12}.Debug|x64.ActiveCfg = Debug|x64
		{1238FBF1-759C-44B0-AC1F-F492BF2F0D12}.Debug|x64.Build.0 = Debug|x64
		{1238FBF1-759C-44B0-AC1F-F492BF2F0D12}.Debug|x86.ActiveCfg = Debug|Win32
		{1238FBF1-759C-44B0-AC1F-F492BF2F0D12}.Debug|x86.Build.0 = Debug|Win32
		{1238FBF1-759C-44B0-AC1F-F492BF2F0D12}.Release|Any CPU.ActiveCfg = Release|x64
		{1238FBF1-759C-44B0-AC1F-F492BF2F0D12}.Release|Any CPU.Build.0 = Release|x64
		{1238FBF1-759C-44B0-AC1F-F492BF2F0D12}.Release|x64.ActiveCfg = Release|x64
		{1238FBF1-759C-44B0-AC1F-F492BF2F0D12}.Release|x64.Build.0 = Release|x64
		{1238FBF1-759C-44B0-AC1F-F492BF2F0D12}.Release|x86.ActiveCfg = Release|Win32
		{1238FBF1-759C-44B0-AC1F-F492BF2F0D12}.Release|x86.Build.0 = Release|Win32
		{2211711E-EE8B-4BCB-957A-8532237AEA40}.Debug|Any CPU.ActiveCfg = Debug|x64
		{2211711E-EE8B-4BCB-957A-8532237AEA40}.Debug|Any CPU.Build.0 = Debug|x64
		{2211711E-EE8B-4BCB-957A-8532237AEA40}.Debug|x64.ActiveCfg = Debug|x64
		{2211711E-EE8B-4BCB-957A-8532237AEA40}.Debug|x64.Build.0 = Debug|x64
		{2211711E-EE8B-4BCB-957A-8532237AEA40}.Debug|x86.ActiveCfg = Debug|Win32
		{2211711E-EE8B-4BCB-957A-8532237AEA40}.Debug|x86.Build.0 = Debug|Win32
		{2211711E-EE8B-4BCB-957A-8532237AEA40}.Release|Any CPU.ActiveCfg = Release|x64
		{2211711E-EE8B-4BCB-957A-8532237AEA40}.Release|Any CPU.Build.0 = Release|x64
		{2211711E-EE8B-4BCB-957A-8532237AEA40}.Release|x64.ActiveCfg = Release|x64
		{2211711E-EE8B-4BCB-957A-8532237AEA40}.Release|x64.Build.0 = Release|x64
		{2211711E-EE8B-4BCB-957A-8532237AEA40}.Release|x86.ActiveCfg = Release|Win32
		{2211711E-EE8B-4BCB-957A-8532237AEA40}.Release|x86.Build.0 = Release|Win32
		{B7E81E27-74FF-4738-BDAD-A13BCFEA3405}.Debug|Any CPU.ActiveCfg = Debug|x64
		{B7E81E27-74FF-4738-BDAD-A13BCFEA3405}.Debug|Any CPU.Build.0 = Debug|x64
		{B7E81E27-74FF-4738-BDAD-A13BCFEA3405}.Debug|x64.ActiveCfg = Debug|x64
		{B7E81E27-74FF-4738-BDAD-A13BCFEA3405}.Debug|x64.Build.0 = Debug|x64
		{B7E81E27-74FF-4738-BDAD-A13BCFEA3405}.Debug|x86.ActiveCfg = Debug|Win32
		{B7E81E27-74FF-4738-BDAD-A13BCFEA3405}.Debug|x86.Build.0 = Debug|Win32
		{B7E81E27-74FF-4738-BDAD-A13BCFEA3405}.Release|Any CPU.ActiveCfg = Release|x64
		{B7E81E27-74FF-4738-BDAD-A13BCFEA3405}.Release|Any CPU.Build.0 = Release|x64
		{B7E81E27-74FF-4738-BDAD-A13BCFEA3405}.Release|x64.ActiveCfg = Release|x64
		{B7E81E27-74FF-4738-BDAD-A13BCFEA3405}.Release|x64.Build.0 = Release|x64
		{B7E81E27-74FF-4738-BDAD-A13BCFEA3405}.Release|x86.ActiveCfg = Release|Win32
		{B7E81E27-74FF-4738-BDAD-A13BCFEA3405}.Release|x86.Build.0 = Release|Win32
		{6B9365D9-45EE-4809-A5E0-08E90AE9198B}.Debug|Any CPU.ActiveCfg = Debug|x64
		{6B9365D9-45EE-4809-A5E0-08E90AE9198B}.Debug|Any CPU.Build.0 = Debug|x64
		{6B9365D9-45EE-4809-A5E0-08E90AE9198B}.Debug|x64.ActiveCfg = Debug|x64
		{6B9365D9-45EE-4809-A5E0-08E90AE9198B}.Debug|x64.Build.0 = Debug|x64
		{6B9365D9-45EE-4809-A5E0-08E90AE9198B}.Debug|x86.ActiveCfg = Debug|Win32
		{6B9365D9-45EE-4809-A5E0-08E90AE9198B}.Debug|x86.Build.0 = Debug|Win32
		{6B9365D9-45EE-4809-A5E0-08E90AE9198B}.Release|Any CPU.ActiveCfg = Release|x64
		{6B9365D9-45EE-4809-A5E0-08E90AE9198B}.Release|Any CPU.Build.0 = Release|x64
		{6B9365D9-45EE-4809-A5E0-08E90AE9198B}.Release|x64.ActiveCfg = Release|x64
		{6B9365D9-45EE-4809-A5E0-08E90AE9198B}.Release|x64.Build.0 = Release|x64
		{6B9365D9-45EE-4809-A5E0-08E90AE9198B}.Release|x86.ActiveCfg = Release|Win32
		{6B9365D9-45EE-4809-A5E0-08E90AE9198B}.Release|x86.Build.0 = Release|Win32
		{B302AE60-94C3-4513-9C26-EFA59ACCA3F2}.Debug|Any CPU.ActiveCfg = Debug|x64
		{B302AE60-94C3-4513-9C26-EFA59ACCA3F2}.Debug|Any CPU.Build.0 = Debug|x64
		{B302AE60-94C3-4513-9C26-EFA59ACCA3F2}.Debug|x64.ActiveCfg = Debug|x64
		{B302AE60-94C3-4513-9C26-EFA59ACCA3F2}.Debug|x64.Build.0 = Debug|x64
		{B302AE60-94C3-4513-9C26-EFA59ACCA3F2}.Debug|x86.ActiveCfg = Debug|Win32
		{B302AE60-94C3-4513-9C26-EFA59ACCA3F2}.Debug|x86.Build.0 = Debug|Win32
		{B302AE60-94C3-4513-9C26-EFA59ACCA3F2}.Release|Any CPU.ActiveCfg = Release|x64
		{B302AE60-94C3-4513-9C26-EFA59ACCA3F2}.Release|Any CPU.Build.0 = Release|x64
		{B302AE60-94C3-4513-9C26-EFA59ACCA3F2}.Release|x64.ActiveCfg = Release|x64
		{B302AE60-94C3-4513-9C26-EFA59ACCA3F2}.Release|x64.Build.0 = Release|x64
		{B302AE60-94C3-4513-9C26-EFA59ACCA3F2}.Release|x86.ActiveCfg = Release|Win32
		{B302AE60-94C3-4513-9C26-EFA59ACCA3F2}.Release|x86.Build.0 = Release|Win32
		{40269DF3-BBC2-459B-B32C-D17E2594CE4B}.Debug|Any CPU.ActiveCfg = Debug|x64
		{40269DF3-BBC2-459B-B32C-D17E2594CE4B}.Debug|Any CPU.Build.0 = Debug|x64
		{40269DF3-BBC2-459B-B32C-D17E2594CE4B}.Debug|x64.ActiveCfg = Debug|x64
		{40269DF3-BBC2-459B-B32C-D17E2594CE4B}.Debug|x64.Build.0 = Debug|x64
		{40269DF3-BBC2-459B-B32C-D17E2594CE4B}.Debug|x86.ActiveCfg = Debug|Win32
		{40269DF3-BBC2-459B-B32C-D17E2594CE4B}.Debug|x86.Build.0 = Debug|Win32
		{40269DF3-BBC2-459B-B32C-D17E2594CE4B}.Release|Any CPU.ActiveCfg = Release|x64
		{40269DF3-BBC2-459B-B32C-D17E2594CE4B}.Release|Any CPU.Build.0 = Release|x64
		{40269DF3-BBC2-459B-B32C-D17E2594CE4B}.Release|x64.ActiveCfg = Release|x64
		{40269DF3-BBC2-459B-B32C-D17E2594CE4B}.Release|x64.Build.0 = Release|x64
		{40269DF3-BBC2-459B-B32C-D17E2594CE4B}.Release|x86.ActiveCfg = Release|Win32
		{40269DF3-BBC2-459B-B32C-D17E2594CE4B}.Release|x86.Build.0 = Release|Win32
		{1256C406-5FB1-4D4C-8CAF-13A0227E64FC}.Debug|Any CPU.ActiveCfg = Debug|Any CPU
		{1256C406-5FB1-4D4C-8CAF-13A0227E64FC}.Debug|x64.ActiveCfg = Debug|Any CPU
		{1256C406-5FB1-4D4C-8CAF-13A0227E64FC}.Debug|x86.ActiveCfg = Debug|Any CPU
		{1256C406-5FB1-4D4C-8CAF-13A0227E64FC}.Release|Any CPU.ActiveCfg = Release|Any CPU
		{1256C406-5FB1-4D4C-8CAF-13A0227E64FC}.Release|x64.ActiveCfg = Release|Any CPU
		{1256C406-5FB1-4D4C-8CAF-13A0227E64FC}.Release|x86.ActiveCfg = Release|Any CPU
		{C9946001-246F-469A-AAF6-9EF36B7AEAD8}.Debug|Any CPU.ActiveCfg = Debug|x64
		{C9946001-246F-469A-AAF6-9EF36B7AEAD8}.Debug|Any CPU.Build.0 = Debug|x64
		{C9946001-246F-469A-AAF6-9EF36B7AEAD8}.Debug|x64.ActiveCfg = Debug|x64
		{C9946001-246F-469A-AAF6-9EF36B7AEAD8}.Debug|x64.Build.0 = Debug|x64
		{C9946001-246F-469A-AAF6-9EF36B7AEAD8}.Debug|x86.ActiveCfg = Debug|Win32
		{C9946001-246F-469A-AAF6-9EF36B7AEAD8}.Debug|x86.Build.0 = Debug|Win32
		{C9946001-246F-469A-AAF6-9EF36B7AEAD8}.Release|Any CPU.ActiveCfg = Release|x64
		{C9946001-246F-469A-AAF6-9EF36B7AEAD8}.Release|Any CPU.Build.0 = Release|x64
		{C9946001-246F-469A-AAF6-9EF36B7AEAD8}.Release|x64.ActiveCfg = Release|x64
		{C9946001-246F-469A-AAF6-9EF36B7AEAD8}.Release|x64.Build.0 = Release|x64
		{C9946001-246F-469A-AAF6-9EF36B7AEAD8}.Release|x86.ActiveCfg = Release|Win32
		{C9946001-246F-469A-AAF6-9EF36B7AEAD8}.Release|x86.Build.0 = Release|Win32
	EndGlobalSection
	GlobalSection(SolutionProperties) = preSolution
		HideSolutionNode = FALSE
	EndGlobalSection
	GlobalSection(ExtensibilityGlobals) = postSolution
		SolutionGuid = {44920947-FEA5-43B0-9F47-0D1A8FFDA569}
	EndGlobalSection
EndGlobal
